
Microsoft Visual Studio Solution File, Format Version 12.00
# Visual Studio Version 16
VisualStudioVersion = 16.0.31515.178
MinimumVisualStudioVersion = 10.0.40219.1
Project("{2150E333-8FDC-42A3-9474-1A3956D46DE8}") = "File", "File", "{8F014789-5335-474C-B585-5E7ED637A84F}"
EndProject
Project("{2150E333-8FDC-42A3-9474-1A3956D46DE8}") = "src", "src", "{6748F521-D49D-4E23-863D-540082E3785A}"
EndProject
Project("{9A19103F-16F7-4668-BE54-9A1E7A4F7556}") = "FileArchive.FileService.Abstract", "File\src\FileArchive.File.Abstract\FileArchive.FileService.Abstract.csproj", "{8243DFB6-6197-4734-8251-8F7A13120C57}"
EndProject
Project("{2150E333-8FDC-42A3-9474-1A3956D46DE8}") = "doc", "doc", "{24039BBC-5FDE-4FAA-B329-C387A178514E}"
	ProjectSection(SolutionItems) = preProject
		File\doc\需求.md = File\doc\需求.md
	EndProjectSection
EndProject
Project("{9A19103F-16F7-4668-BE54-9A1E7A4F7556}") = "FileArchive.FileService.EFCore", "File\src\FileArchive.FileService.EFCore\FileArchive.FileService.EFCore.csproj", "{24740F4E-3799-467B-B1DF-B9F1E2315352}"
EndProject
Project("{9A19103F-16F7-4668-BE54-9A1E7A4F7556}") = "FileArchive.FileService", "File\src\FileArchive.FileService\FileArchive.FileService.csproj", "{98F03BA7-B20A-4DD7-843D-61F85A59A5EB}"
EndProject
Project("{2150E333-8FDC-42A3-9474-1A3956D46DE8}") = "WebApi", "WebApi", "{A566F6E7-EA44-4D81-878B-4FCEDA94D978}"
EndProject
Project("{2150E333-8FDC-42A3-9474-1A3956D46DE8}") = "src", "src", "{C2EEC238-1506-4A3C-855E-EBF750ECF3B2}"
EndProject
Project("{9A19103F-16F7-4668-BE54-9A1E7A4F7556}") = "FileArchive.WebApi", "WebApi\src\FileArchive.WebApi\FileArchive.WebApi.csproj", "{24E4CEF3-8D94-4497-B447-AEF741E5B74B}"
EndProject
Project("{2150E333-8FDC-42A3-9474-1A3956D46DE8}") = "Application", "Application", "{2349E195-446A-44D6-B6A4-EEDB35FB567B}"
EndProject
Project("{2150E333-8FDC-42A3-9474-1A3956D46DE8}") = "src", "src", "{24CA8048-1811-4332-BA79-FACFFBF500EF}"
EndProject
Project("{2150E333-8FDC-42A3-9474-1A3956D46DE8}") = "AccessControl", "AccessControl", "{AFC1666E-DB8D-4CC6-9A4C-7EF606224026}"
EndProject
Project("{2150E333-8FDC-42A3-9474-1A3956D46DE8}") = "src", "src", "{2DC43A39-1ECE-4E74-80BC-80CD57431458}"
EndProject
Project("{9A19103F-16F7-4668-BE54-9A1E7A4F7556}") = "FileArchive.AccessControl", "AccessControl\src\FileArchive.AccessControl\FileArchive.AccessControl.csproj", "{9A0175B4-290B-4493-9D0D-9E7C99E3BCA2}"
EndProject
Project("{9A19103F-16F7-4668-BE54-9A1E7A4F7556}") = "FileArchive.AccessControl.Abstract", "AccessControl\src\FileArchive.AccessControl.Abstract\FileArchive.AccessControl.Abstract.csproj", "{E774B92E-83BC-4A09-9104-98CED11F7596}"
EndProject
Project("{9A19103F-16F7-4668-BE54-9A1E7A4F7556}") = "FileArchive.AccessControl.EFCore", "AccessControl\src\FileArchive.AccessControl.EFCore\FileArchive.AccessControl.EFCore.csproj", "{F2FD530E-7D9C-464C-B95C-1F02952DB137}"
EndProject
Project("{2150E333-8FDC-42A3-9474-1A3956D46DE8}") = "Infrastructure", "Infrastructure", "{47E6FD82-9369-4252-8DC2-B85D6F4A75F2}"
EndProject
Project("{2150E333-8FDC-42A3-9474-1A3956D46DE8}") = "src", "src", "{DC9B0130-19C4-4890-A48A-1D3E9645E573}"
EndProject
Project("{9A19103F-16F7-4668-BE54-9A1E7A4F7556}") = "Infrastructure.EFCore", "Infrastructure\src\Infrastructure.EFCore\Infrastructure.EFCore.csproj", "{2294E28E-C548-4CF0-B2BA-FD680A5A8628}"
EndProject
Project("{9A19103F-16F7-4668-BE54-9A1E7A4F7556}") = "FileArchive.Application.Abstract", "Application\src\FileArchive.Application.Abstract\FileArchive.Application.Abstract.csproj", "{30A61773-375D-431A-B122-ACBFF35C5116}"
EndProject
Project("{9A19103F-16F7-4668-BE54-9A1E7A4F7556}") = "FileArchive.Application", "Application\src\FileArchive.Application\FileArchive.Application.csproj", "{2D86B977-2434-41FD-A9EA-F585ED79942A}"
EndProject
Project("{9A19103F-16F7-4668-BE54-9A1E7A4F7556}") = "FileArchive.EFCore.Migrations", "Application\src\FileArchive.EFCore.Migrations\FileArchive.EFCore.Migrations.csproj", "{3BE8C85D-C008-4DC0-BD39-A46A9831B526}"
EndProject
Project("{9A19103F-16F7-4668-BE54-9A1E7A4F7556}") = "FileArchive.Applicaiton.EFCore", "FileArchive.Applicaiton.EFCore\FileArchive.Applicaiton.EFCore.csproj", "{A38CCC68-A504-4C8A-A1CF-E44F2A638BB0}"
EndProject
Project("{9A19103F-16F7-4668-BE54-9A1E7A4F7556}") = "FileArchive.AccessControl.Activate", "AccessControl\src\FileArchive.AccessControl.Activate\FileArchive.AccessControl.Activate.csproj", "{40EC5CDC-A311-43FB-87A1-A0A6B5B1A271}"
EndProject
Global
	GlobalSection(SolutionConfigurationPlatforms) = preSolution
		Debug|Any CPU = Debug|Any CPU
		Release|Any CPU = Release|Any CPU
	EndGlobalSection
	GlobalSection(ProjectConfigurationPlatforms) = postSolution
		{8243DFB6-6197-4734-8251-8F7A13120C57}.Debug|Any CPU.ActiveCfg = Debug|Any CPU
		{8243DFB6-6197-4734-8251-8F7A13120C57}.Debug|Any CPU.Build.0 = Debug|Any CPU
		{8243DFB6-6197-4734-8251-8F7A13120C57}.Release|Any CPU.ActiveCfg = Release|Any CPU
		{8243DFB6-6197-4734-8251-8F7A13120C57}.Release|Any CPU.Build.0 = Release|Any CPU
		{24740F4E-3799-467B-B1DF-B9F1E2315352}.Debug|Any CPU.ActiveCfg = Debug|Any CPU
		{24740F4E-3799-467B-B1DF-B9F1E2315352}.Debug|Any CPU.Build.0 = Debug|Any CPU
		{24740F4E-3799-467B-B1DF-B9F1E2315352}.Release|Any CPU.ActiveCfg = Release|Any CPU
		{24740F4E-3799-467B-B1DF-B9F1E2315352}.Release|Any CPU.Build.0 = Release|Any CPU
		{98F03BA7-B20A-4DD7-843D-61F85A59A5EB}.Debug|Any CPU.ActiveCfg = Debug|Any CPU
		{98F03BA7-B20A-4DD7-843D-61F85A59A5EB}.Debug|Any CPU.Build.0 = Debug|Any CPU
		{98F03BA7-B20A-4DD7-843D-61F85A59A5EB}.Release|Any CPU.ActiveCfg = Release|Any CPU
		{98F03BA7-B20A-4DD7-843D-61F85A59A5EB}.Release|Any CPU.Build.0 = Release|Any CPU
		{24E4CEF3-8D94-4497-B447-AEF741E5B74B}.Debug|Any CPU.ActiveCfg = Debug|Any CPU
		{24E4CEF3-8D94-4497-B447-AEF741E5B74B}.Debug|Any CPU.Build.0 = Debug|Any CPU
		{24E4CEF3-8D94-4497-B447-AEF741E5B74B}.Release|Any CPU.ActiveCfg = Release|Any CPU
		{24E4CEF3-8D94-4497-B447-AEF741E5B74B}.Release|Any CPU.Build.0 = Release|Any CPU
		{9A0175B4-290B-4493-9D0D-9E7C99E3BCA2}.Debug|Any CPU.ActiveCfg = Debug|Any CPU
		{9A0175B4-290B-4493-9D0D-9E7C99E3BCA2}.Debug|Any CPU.Build.0 = Debug|Any CPU
		{9A0175B4-290B-4493-9D0D-9E7C99E3BCA2}.Release|Any CPU.ActiveCfg = Release|Any CPU
		{9A0175B4-290B-4493-9D0D-9E7C99E3BCA2}.Release|Any CPU.Build.0 = Release|Any CPU
		{E774B92E-83BC-4A09-9104-98CED11F7596}.Debug|Any CPU.ActiveCfg = Debug|Any CPU
		{E774B92E-83BC-4A09-9104-98CED11F7596}.Debug|Any CPU.Build.0 = Debug|Any CPU
		{E774B92E-83BC-4A09-9104-98CED11F7596}.Release|Any CPU.ActiveCfg = Release|Any CPU
		{E774B92E-83BC-4A09-9104-98CED11F7596}.Release|Any CPU.Build.0 = Release|Any CPU
		{F2FD530E-7D9C-464C-B95C-1F02952DB137}.Debug|Any CPU.ActiveCfg = Debug|Any CPU
		{F2FD530E-7D9C-464C-B95C-1F02952DB137}.Debug|Any CPU.Build.0 = Debug|Any CPU
		{F2FD530E-7D9C-464C-B95C-1F02952DB137}.Release|Any CPU.ActiveCfg = Release|Any CPU
		{F2FD530E-7D9C-464C-B95C-1F02952DB137}.Release|Any CPU.Build.0 = Release|Any CPU
		{2294E28E-C548-4CF0-B2BA-FD680A5A8628}.Debug|Any CPU.ActiveCfg = Debug|Any CPU
		{2294E28E-C548-4CF0-B2BA-FD680A5A8628}.Debug|Any CPU.Build.0 = Debug|Any CPU
		{2294E28E-C548-4CF0-B2BA-FD680A5A8628}.Release|Any CPU.ActiveCfg = Release|Any CPU
		{2294E28E-C548-4CF0-B2BA-FD680A5A8628}.Release|Any CPU.Build.0 = Release|Any CPU
		{30A61773-375D-431A-B122-ACBFF35C5116}.Debug|Any CPU.ActiveCfg = Debug|Any CPU
		{30A61773-375D-431A-B122-ACBFF35C5116}.Debug|Any CPU.Build.0 = Debug|Any CPU
		{30A61773-375D-431A-B122-ACBFF35C5116}.Release|Any CPU.ActiveCfg = Release|Any CPU
		{30A61773-375D-431A-B122-ACBFF35C5116}.Release|Any CPU.Build.0 = Release|Any CPU
		{2D86B977-2434-41FD-A9EA-F585ED79942A}.Debug|Any CPU.ActiveCfg = Debug|Any CPU
		{2D86B977-2434-41FD-A9EA-F585ED79942A}.Debug|Any CPU.Build.0 = Debug|Any CPU
		{2D86B977-2434-41FD-A9EA-F585ED79942A}.Release|Any CPU.ActiveCfg = Release|Any CPU
		{2D86B977-2434-41FD-A9EA-F585ED79942A}.Release|Any CPU.Build.0 = Release|Any CPU
		{3BE8C85D-C008-4DC0-BD39-A46A9831B526}.Debug|Any CPU.ActiveCfg = Debug|Any CPU
		{3BE8C85D-C008-4DC0-BD39-A46A9831B526}.Debug|Any CPU.Build.0 = Debug|Any CPU
		{3BE8C85D-C008-4DC0-BD39-A46A9831B526}.Release|Any CPU.ActiveCfg = Release|Any CPU
		{3BE8C85D-C008-4DC0-BD39-A46A9831B526}.Release|Any CPU.Build.0 = Release|Any CPU
		{A38CCC68-A504-4C8A-A1CF-E44F2A638BB0}.Debug|Any CPU.ActiveCfg = Debug|Any CPU
		{A38CCC68-A504-4C8A-A1CF-E44F2A638BB0}.Debug|Any CPU.Build.0 = Debug|Any CPU
		{A38CCC68-A504-4C8A-A1CF-E44F2A638BB0}.Release|Any CPU.ActiveCfg = Release|Any CPU
		{A38CCC68-A504-4C8A-A1CF-E44F2A638BB0}.Release|Any CPU.Build.0 = Release|Any CPU
		{40EC5CDC-A311-43FB-87A1-A0A6B5B1A271}.Debug|Any CPU.ActiveCfg = Debug|Any CPU
		{40EC5CDC-A311-43FB-87A1-A0A6B5B1A271}.Debug|Any CPU.Build.0 = Debug|Any CPU
		{40EC5CDC-A311-43FB-87A1-A0A6B5B1A271}.Release|Any CPU.ActiveCfg = Release|Any CPU
		{40EC5CDC-A311-43FB-87A1-A0A6B5B1A271}.Release|Any CPU.Build.0 = Release|Any CPU
	EndGlobalSection
	GlobalSection(SolutionProperties) = preSolution
		HideSolutionNode = FALSE
	EndGlobalSection
	GlobalSection(NestedProjects) = preSolution
		{6748F521-D49D-4E23-863D-540082E3785A} = {8F014789-5335-474C-B585-5E7ED637A84F}
		{8243DFB6-6197-4734-8251-8F7A13120C57} = {6748F521-D49D-4E23-863D-540082E3785A}
		{24039BBC-5FDE-4FAA-B329-C387A178514E} = {8F014789-5335-474C-B585-5E7ED637A84F}
		{24740F4E-3799-467B-B1DF-B9F1E2315352} = {6748F521-D49D-4E23-863D-540082E3785A}
		{98F03BA7-B20A-4DD7-843D-61F85A59A5EB} = {6748F521-D49D-4E23-863D-540082E3785A}
		{C2EEC238-1506-4A3C-855E-EBF750ECF3B2} = {A566F6E7-EA44-4D81-878B-4FCEDA94D978}
		{24E4CEF3-8D94-4497-B447-AEF741E5B74B} = {C2EEC238-1506-4A3C-855E-EBF750ECF3B2}
		{24CA8048-1811-4332-BA79-FACFFBF500EF} = {2349E195-446A-44D6-B6A4-EEDB35FB567B}
		{2DC43A39-1ECE-4E74-80BC-80CD57431458} = {AFC1666E-DB8D-4CC6-9A4C-7EF606224026}
		{9A0175B4-290B-4493-9D0D-9E7C99E3BCA2} = {2DC43A39-1ECE-4E74-80BC-80CD57431458}
		{E774B92E-83BC-4A09-9104-98CED11F7596} = {2DC43A39-1ECE-4E74-80BC-80CD57431458}
		{F2FD530E-7D9C-464C-B95C-1F02952DB137} = {2DC43A39-1ECE-4E74-80BC-80CD57431458}
		{DC9B0130-19C4-4890-A48A-1D3E9645E573} = {47E6FD82-9369-4252-8DC2-B85D6F4A75F2}
		{2294E28E-C548-4CF0-B2BA-FD680A5A8628} = {DC9B0130-19C4-4890-A48A-1D3E9645E573}
		{30A61773-375D-431A-B122-ACBFF35C5116} = {24CA8048-1811-4332-BA79-FACFFBF500EF}
		{2D86B977-2434-41FD-A9EA-F585ED79942A} = {24CA8048-1811-4332-BA79-FACFFBF500EF}
		{3BE8C85D-C008-4DC0-BD39-A46A9831B526} = {24CA8048-1811-4332-BA79-FACFFBF500EF}
		{A38CCC68-A504-4C8A-A1CF-E44F2A638BB0} = {24CA8048-1811-4332-BA79-FACFFBF500EF}
		{40EC5CDC-A311-43FB-87A1-A0A6B5B1A271} = {2DC43A39-1ECE-4E74-80BC-80CD57431458}
	EndGlobalSection
	GlobalSection(ExtensibilityGlobals) = postSolution
		SolutionGuid = {817AA900-EBF6-4F46-9105-86B33C4E2E70}
	EndGlobalSection
EndGlobal
